
Microsoft Visual Studio Solution File, Format Version 11.00
# Visual Studio 2010
Project("{FAE04EC0-301F-11D3-BF4B-00C04F79EFBC}") = "PluginManager", "PluginManager\PluginManager.csproj", "{B777E293-06F4-4F08-8FD6-44AFAEF6F6ED}"
EndProject
Project("{FAE04EC0-301F-11D3-BF4B-00C04F79EFBC}") = "PluginManager.Contracts", "PluginManager.Contracts\PluginManager.Contracts.csproj", "{9D7A570E-8AE9-4A78-95FB-9D40E219E6F7}"
EndProject
Global
	GlobalSection(SolutionConfigurationPlatforms) = preSolution
		Debug|Any CPU = Debug|Any CPU
		Debug|Mixed Platforms = Debug|Mixed Platforms
		Debug|x86 = Debug|x86
		Release|Any CPU = Release|Any CPU
		Release|Mixed Platforms = Release|Mixed Platforms
		Release|x86 = Release|x86
	EndGlobalSection
	GlobalSection(ProjectConfigurationPlatforms) = postSolution
		{B777E293-06F4-4F08-8FD6-44AFAEF6F6ED}.Debug|Any CPU.ActiveCfg = Debug|x86
		{B777E293-06F4-4F08-8FD6-44AFAEF6F6ED}.Debug|Mixed Platforms.ActiveCfg = Debug|x86
		{B777E293-06F4-4F08-8FD6-44AFAEF6F6ED}.Debug|Mixed Platforms.Build.0 = Debug|x86
		{B777E293-06F4-4F08-8FD6-44AFAEF6F6ED}.Debug|x86.ActiveCfg = Debug|x86
		{B777E293-06F4-4F08-8FD6-44AFAEF6F6ED}.Debug|x86.Build.0 = Debug|x86
		{B777E293-06F4-4F08-8FD6-44AFAEF6F6ED}.Release|Any CPU.ActiveCfg = Release|x86
		{B777E293-06F4-4F08-8FD6-44AFAEF6F6ED}.Release|Mixed Platforms.ActiveCfg = Release|x86
		{B777E293-06F4-4F08-8FD6-44AFAEF6F6ED}.Release|Mixed Platforms.Build.0 = Release|x86
		{B777E293-06F4-4F08-8FD6-44AFAEF6F6ED}.Release|x86.ActiveCfg = Release|x86
		{B777E293-06F4-4F08-8FD6-44AFAEF6F6ED}.Release|x86.Build.0 = Release|x86
		{9D7A570E-8AE9-4A78-95FB-9D40E219E6F7}.Debug|Any CPU.ActiveCfg = Debug|Any CPU
		{9D7A570E-8AE9-4A78-95FB-9D40E219E6F7}.Debug|Any CPU.Build.0 = Debug|Any CPU
		{9D7A570E-8AE9-4A78-95FB-9D40E219E6F7}.Debug|Mixed Platforms.ActiveCfg = Debug|Any CPU
		{9D7A570E-8AE9-4A78-95FB-9D40E219E6F7}.Debug|Mixed Platforms.Build.0 = Debug|Any CPU
		{9D7A570E-8AE9-4A78-95FB-9D40E219E6F7}.Debug|x86.ActiveCfg = Debug|Any CPU
		{9D7A570E-8AE9-4A78-95FB-9D40E219E6F7}.Release|Any CPU.ActiveCfg = Release|Any CPU
		{9D7A570E-8AE9-4A78-95FB-9D40E219E6F7}.Release|Any CPU.Build.0 = Release|Any CPU
		{9D7A570E-8AE9-4A78-95FB-9D40E219E6F7}.Release|Mixed Platforms.ActiveCfg = Release|Any CPU
		{9D7A570E-8AE9-4A78-95FB-9D40E219E6F7}.Release|Mixed Platforms.Build.0 = Release|Any CPU
		{9D7A570E-8AE9-4A78-95FB-9D40E219E6F7}.Release|x86.ActiveCfg = Release|Any CPU
	EndGlobalSection
	GlobalSection(SolutionProperties) = preSolution
		HideSolutionNode = FALSE
	EndGlobalSection
EndGlobal
